PODS:
  - Alamofire (5.2.1)
  - SDWebImage (5.9.1):
    - SDWebImage/Core (= 5.9.1)
  - SDWebImage/Core (5.9.1)

DEPENDENCIES:
  - Alamofire (~> 5.2)
  - SDWebImage (~> 5.0)

SPEC REPOS:
  trunk:
    - Alamofire
    - SDWebImage

SPEC CHECKSUMS:
  Alamofire: e911732990610fe89af59ac0077f923d72dc3dfd
  SDWebImage: a990c053fff71e388a10f3357edb0be17929c9c5

PODFILE CHECKSUM: 0b38fb107e1905995e113f1f0d0734993b4d5c6c

COCOAPODS: 1.9.3
